
Microsoft Visual Studio Solution File, Format Version 12.00
# Visual Studio Version 17
VisualStudioVersion = 17.4.33103.184
MinimumVisualStudioVersion = 10.0.40219.1
Project("{FAE04EC0-301F-11D3-BF4B-00C04F79EFBC}") = "CryptoDemo", "CryptoDemo\CryptoDemo.csproj", "{A60D28A8-0FBF-4FF4-A0B7-4B6FDD8BB23D}"
EndProject
Global
	GlobalSection(SolutionConfigurationPlatforms) = preSolution
		Debug|Any CPU = Debug|Any CPU
		Release|Any CPU = Release|Any CPU
	EndGlobalSection
	GlobalSection(ProjectConfigurationPlatforms) = postSolution
		{A60D28A8-0FBF-4FF4-A0B7-4B6FDD8BB23D}.Debug|Any CPU.ActiveCfg = Debug|Any CPU
		{A60D28A8-0FBF-4FF4-A0B7-4B6FDD8BB23D}.Debug|Any CPU.Build.0 = Debug|Any CPU
		{A60D28A8-0FBF-4FF4-A0B7-4B6FDD8BB23D}.Release|Any CPU.ActiveCfg = Release|Any CPU
		{A60D28A8-0FBF-4FF4-A0B7-4B6FDD8BB23D}.Release|Any CPU.Build.0 = Release|Any CPU
	EndGlobalSection
	GlobalSection(SolutionProperties) = preSolution
		HideSolutionNode = FALSE
	EndGlobalSection
	GlobalSection(ExtensibilityGlobals) = postSolution
		SolutionGuid = {09D23E71-8703-48BA-8A4B-60612A55CFCF}
	EndGlobalSection
EndGlobal
